<?xml version="1.0" encoding="utf-8"?>
<Project ToolsVersion="4.0" xmlns="http://schemas.microsoft.com/developer/msbuild/2003">
  <ItemGroup>
    <Filter Include="Source Files">
      <UniqueIdentifier>{4FC737F1-C7A5-4376-A066-2A32D752A2FF}</UniqueIdentifier>
      <Extensions>cpp;c;cc;cxx;def;odl;idl;hpj;bat;asm;asmx</Extensions>
    </Filter>
    <Filter Include="Header Files">
      <UniqueIdentifier>{93995380-89BD-4b04-88EB-625FBE52EBFB}</UniqueIdentifier>
      <Extensions>h;hpp;hxx;hm;inl;inc;xsd</Extensions>
    </Filter>
    <Filter Include="Resource Files">
      <UniqueIdentifier>{67DA6AB6-F800-4c08-8B7A-83BB121AAD01}</UniqueIdentifier>
      <Extensions>rc;ico;cur;bmp;dlg;rc2;rct;bin;rgs;gif;jpg;jpeg;jpe;resx;tiff;tif;png;wav;mfcribbon-ms</Extensions>
    </Filter>
    <Filter Include="Shaders">
      <UniqueIdentifier>{7046d5d3-cca2-498e-99ce-0bb58e4f045d}</UniqueIdentifier>
    </Filter>
    <Filter Include="Header Files\brush">
      <UniqueIdentifier>{85105c8e-bb53-4599-8cda-00a54d9a4327}</UniqueIdentifier>
    </Filter>
    <Filter Include="Source Files\brush">
      <UniqueIdentifier>{3af308a8-c4c1-4a8f-be0e-41e46c1a699a}</UniqueIdentifier>
    </Filter>
  </ItemGroup>
  <ItemGroup>
    <ClCompile Include="src\main.cpp">
      <Filter>Source Files</Filter>
    </ClCompile>
    <ClCompile Include="src\cinput.cpp">
      <Filter>Source Files</Filter>
    </ClCompile>
    <ClCompile Include="src\cviscraft.cpp">
      <Filter>Source Files</Filter>
    </ClCompile>
    <ClCompile Include="src\crenderer.cpp">
      <Filter>Source Files</Filter>
    </ClCompile>
    <ClCompile Include="src\ccamera.cpp">
      <Filter>Source Files</Filter>
    </ClCompile>
    <ClCompile Include="src\cterrain.cpp">
      <Filter>Source Files</Filter>
    </ClCompile>
    <ClCompile Include="src\cshader.cpp">
      <Filter>Source Files</Filter>
    </ClCompile>
    <ClCompile Include="src\cgizmo.cpp">
      <Filter>Source Files</Filter>
    </ClCompile>
    <ClCompile Include="src\brush\CBrushDeform.cpp">
      <Filter>Source Files\brush</Filter>
    </ClCompile>
    <ClCompile Include="src\brush\CBrushRaise.cpp">
      <Filter>Source Files\brush</Filter>
    </ClCompile>
    <ClCompile Include="src\brush\CBrushLower.cpp">
      <Filter>Source Files\brush</Filter>
    </ClCompile>
  </ItemGroup>
  <ItemGroup>
    <ClInclude Include="src\main.h">
      <Filter>Header Files</Filter>
    </ClInclude>
    <ClInclude Include="src\cinput.h">
      <Filter>Header Files</Filter>
    </ClInclude>
    <ClInclude Include="src\helper.h">
      <Filter>Header Files</Filter>
    </ClInclude>
    <ClInclude Include="src\cviscraft.h">
      <Filter>Header Files</Filter>
    </ClInclude>
    <ClInclude Include="src\crenderer.h">
      <Filter>Header Files</Filter>
    </ClInclude>
    <ClInclude Include="src\ccamera.h">
      <Filter>Header Files</Filter>
    </ClInclude>
    <ClInclude Include="src\cterrain.h">
      <Filter>Header Files</Filter>
    </ClInclude>
    <ClInclude Include="src\cshader.h">
      <Filter>Header Files</Filter>
    </ClInclude>
    <ClInclude Include="src\cgizmo.h">
      <Filter>Header Files</Filter>
    </ClInclude>
    <ClInclude Include="src\brush\IBrush.h">
      <Filter>Header Files\brush</Filter>
    </ClInclude>
    <ClInclude Include="src\brush\CBrushDeform.h">
      <Filter>Header Files\brush</Filter>
    </ClInclude>
    <ClInclude Include="src\brush\CBrushRaise.h">
      <Filter>Header Files\brush</Filter>
    </ClInclude>
    <ClInclude Include="src\brush\CBrushLower.h">
      <Filter>Header Files\brush</Filter>
    </ClInclude>
    <ClInclude Include="src\brush\CBrushSmooth.h">
      <Filter>Header Files\brush</Filter>
    </ClInclude>
    <ClInclude Include="src\brush\CBrushNoise.h">
      <Filter>Header Files\brush</Filter>
    </ClInclude>
    <ClInclude Include="src\brushes.h">
      <Filter>Header Files\brush</Filter>
    </ClInclude>
  </ItemGroup>
  <ItemGroup>
    <None Include="shaders\terrain_diffuse.ps">
      <Filter>Shaders</Filter>
    </None>
    <None Include="shaders\terrain_diffuse.vs">
      <Filter>Shaders</Filter>
    </None>
    <None Include="shaders\gizmo.ps">
      <Filter>Shaders</Filter>
    </None>
    <None Include="shaders\gizmo.vs">
      <Filter>Shaders</Filter>
    </None>
  </ItemGroup>
</Project>