<?xml version="1.0" encoding="utf-8"?>
<Project ToolsVersion="4.0" xmlns="http://schemas.microsoft.com/developer/msbuild/2003">
  <ItemGroup>
    <Filter Include="Source Files">
      <UniqueIdentifier>{4FC737F1-C7A5-4376-A066-2A32D752A2FF}</UniqueIdentifier>
      <Extensions>cpp;c;cc;cxx;def;odl;idl;hpj;bat;asm;asmx</Extensions>
    </Filter>
    <Filter Include="Header Files">
      <UniqueIdentifier>{93995380-89BD-4b04-88EB-625FBE52EBFB}</UniqueIdentifier>
      <Extensions>h;hpp;hxx;hm;inl;inc;xsd</Extensions>
    </Filter>
    <Filter Include="Resource Files">
      <UniqueIdentifier>{67DA6AB6-F800-4c08-8B7A-83BB121AAD01}</UniqueIdentifier>
      <Extensions>rc;ico;cur;bmp;dlg;rc2;rct;bin;rgs;gif;jpg;jpeg;jpe;resx;tiff;tif;png;wav;mfcribbon-ms</Extensions>
    </Filter>
    <Filter Include="Shaders">
      <UniqueIdentifier>{7046d5d3-cca2-498e-99ce-0bb58e4f045d}</UniqueIdentifier>
    </Filter>
    <Filter Include="Header Files\brush">
      <UniqueIdentifier>{85105c8e-bb53-4599-8cda-00a54d9a4327}</UniqueIdentifier>
    </Filter>
    <Filter Include="Source Files\brush">
      <UniqueIdentifier>{3af308a8-c4c1-4a8f-be0e-41e46c1a699a}</UniqueIdentifier>
    </Filter>
    <Filter Include="Source Files\kinect">
      <UniqueIdentifier>{8d983676-613a-4a06-8dbe-5537f14901ff}</UniqueIdentifier>
    </Filter>
    <Filter Include="Header Files\kinect">
      <UniqueIdentifier>{dd037146-be37-46b4-8dc1-5b06c550ed0f}</UniqueIdentifier>
    </Filter>
    <Filter Include="Header Files\kinect\gestures">
      <UniqueIdentifier>{c5f13194-fbdc-4c4c-8833-cad903dce9f5}</UniqueIdentifier>
    </Filter>
    <Filter Include="Source Files\kinect\gestures">
      <UniqueIdentifier>{6ef4e8b7-94cf-4495-912e-61b440aa6dec}</UniqueIdentifier>
    </Filter>
    <Filter Include="Header Files\kinect\audio">
      <UniqueIdentifier>{ec785698-7f1b-447c-8e3d-f3f414c630a4}</UniqueIdentifier>
    </Filter>
    <Filter Include="Source Files\kinect\audio">
      <UniqueIdentifier>{e568fb0e-0113-4da0-9ef0-b3d8c7556b16}</UniqueIdentifier>
    </Filter>
    <Filter Include="Header Files\2D">
      <UniqueIdentifier>{c6a55dad-da39-4a11-af3d-1b587dbc03a5}</UniqueIdentifier>
    </Filter>
    <Filter Include="Source Files\2D">
      <UniqueIdentifier>{897eb975-af49-406c-b3f2-a2bbbd42022f}</UniqueIdentifier>
    </Filter>
    <Filter Include="Shaders\GUI">
      <UniqueIdentifier>{66d56a26-a9c5-491f-ac5a-5b6bbaaa76c4}</UniqueIdentifier>
    </Filter>
    <Filter Include="Shaders\Water">
      <UniqueIdentifier>{74a22ae7-ab7a-4a82-8601-e41812fd83ac}</UniqueIdentifier>
    </Filter>
    <Filter Include="Source Files\kinect\avi">
      <UniqueIdentifier>{841d967d-bc4e-4547-be48-f50e801381b0}</UniqueIdentifier>
    </Filter>
    <Filter Include="Header Files\avi">
      <UniqueIdentifier>{928587ea-bcef-4eb5-b8e7-d51bc0d7f2ef}</UniqueIdentifier>
    </Filter>
  </ItemGroup>
  <ItemGroup>
    <ClCompile Include="src\main.cpp">
      <Filter>Source Files</Filter>
    </ClCompile>
    <ClCompile Include="src\cinput.cpp">
      <Filter>Source Files</Filter>
    </ClCompile>
    <ClCompile Include="src\cviscraft.cpp">
      <Filter>Source Files</Filter>
    </ClCompile>
    <ClCompile Include="src\crenderer.cpp">
      <Filter>Source Files</Filter>
    </ClCompile>
    <ClCompile Include="src\ccamera.cpp">
      <Filter>Source Files</Filter>
    </ClCompile>
    <ClCompile Include="src\cterrain.cpp">
      <Filter>Source Files</Filter>
    </ClCompile>
    <ClCompile Include="src\cshader.cpp">
      <Filter>Source Files</Filter>
    </ClCompile>
    <ClCompile Include="src\cgizmo.cpp">
      <Filter>Source Files</Filter>
    </ClCompile>
    <ClCompile Include="src\brush\CBrushDeform.cpp">
      <Filter>Source Files\brush</Filter>
    </ClCompile>
    <ClCompile Include="src\brush\CBrushRaise.cpp">
      <Filter>Source Files\brush</Filter>
    </ClCompile>
    <ClCompile Include="src\brush\CBrushLower.cpp">
      <Filter>Source Files\brush</Filter>
    </ClCompile>
    <ClCompile Include="src\kinect\CKinect.cpp">
      <Filter>Source Files\kinect</Filter>
    </ClCompile>
    <ClCompile Include="src\kinect\DrawDevice.cpp">
      <Filter>Source Files\kinect</Filter>
    </ClCompile>
    <ClCompile Include="src\kinect\chand.cpp">
      <Filter>Source Files\kinect</Filter>
    </ClCompile>
    <ClCompile Include="src\kinect\CDeformableTemplateModel.cpp">
      <Filter>Source Files\kinect</Filter>
    </ClCompile>
    <ClCompile Include="src\kinect\gestures\CGestureHandClosed.cpp">
      <Filter>Source Files\kinect\gestures</Filter>
    </ClCompile>
    <ClCompile Include="src\kinect\KinectAudioStream.cpp">
      <Filter>Source Files\kinect\audio</Filter>
    </ClCompile>
    <ClCompile Include="src\kinect\CAudioProcessor.cpp">
      <Filter>Source Files\kinect\audio</Filter>
    </ClCompile>
    <ClCompile Include="src\2d\CBitmap.cpp">
      <Filter>Source Files\2D</Filter>
    </ClCompile>
    <ClCompile Include="src\2d\CTexture.cpp">
      <Filter>Source Files\2D</Filter>
    </ClCompile>
    <ClCompile Include="src\2d\CTextureShader.cpp">
      <Filter>Source Files\2D</Filter>
    </ClCompile>
    <ClCompile Include="src\CGui.cpp">
      <Filter>Source Files</Filter>
    </ClCompile>
    <ClCompile Include="src\brush\CBrushLevel.cpp">
      <Filter>Source Files\brush</Filter>
    </ClCompile>
    <ClCompile Include="src\brush\CBrushNoise.cpp">
      <Filter>Source Files\brush</Filter>
    </ClCompile>
    <ClCompile Include="src\brush\CBrushSmooth.cpp">
      <Filter>Source Files\brush</Filter>
    </ClCompile>
    <ClCompile Include="src\clight.cpp">
      <Filter>Source Files</Filter>
    </ClCompile>
    <ClCompile Include="src\crendertexture.cpp">
      <Filter>Source Files</Filter>
    </ClCompile>
    <ClCompile Include="src\cmesh.cpp">
      <Filter>Source Files</Filter>
    </ClCompile>
    <ClCompile Include="src\cskybox.cpp">
      <Filter>Source Files</Filter>
    </ClCompile>
    <ClCompile Include="src\cwater.cpp">
      <Filter>Source Files</Filter>
    </ClCompile>
    <ClCompile Include="src\kinect\ImageRenderer.cpp">
      <Filter>Source Files\kinect</Filter>
    </ClCompile>
    <ClCompile Include="src\kinect\avi_utils.cpp">
      <Filter>Source Files\kinect\avi</Filter>
    </ClCompile>
  </ItemGroup>
  <ItemGroup>
    <ClInclude Include="src\main.h">
      <Filter>Header Files</Filter>
    </ClInclude>
    <ClInclude Include="src\cinput.h">
      <Filter>Header Files</Filter>
    </ClInclude>
    <ClInclude Include="src\helper.h">
      <Filter>Header Files</Filter>
    </ClInclude>
    <ClInclude Include="src\cviscraft.h">
      <Filter>Header Files</Filter>
    </ClInclude>
    <ClInclude Include="src\crenderer.h">
      <Filter>Header Files</Filter>
    </ClInclude>
    <ClInclude Include="src\ccamera.h">
      <Filter>Header Files</Filter>
    </ClInclude>
    <ClInclude Include="src\cterrain.h">
      <Filter>Header Files</Filter>
    </ClInclude>
    <ClInclude Include="src\cshader.h">
      <Filter>Header Files</Filter>
    </ClInclude>
    <ClInclude Include="src\cgizmo.h">
      <Filter>Header Files</Filter>
    </ClInclude>
    <ClInclude Include="src\brush\IBrush.h">
      <Filter>Header Files\brush</Filter>
    </ClInclude>
    <ClInclude Include="src\brushes.h">
      <Filter>Header Files\brush</Filter>
    </ClInclude>
    <ClInclude Include="src\kinect\CKinect.h">
      <Filter>Header Files\kinect</Filter>
    </ClInclude>
    <ClInclude Include="src\kinect\DrawDevice.h">
      <Filter>Header Files\kinect</Filter>
    </ClInclude>
    <ClInclude Include="src\kinect\chand.h">
      <Filter>Header Files\kinect</Filter>
    </ClInclude>
    <ClInclude Include="src\kinect\CDeformableTemplateModel.h">
      <Filter>Header Files\kinect</Filter>
    </ClInclude>
    <ClInclude Include="src\kinect\gestures\CGestureHandClosed.h">
      <Filter>Header Files\kinect\gestures</Filter>
    </ClInclude>
    <ClInclude Include="src\kinect\KinectAudioStream.h">
      <Filter>Header Files\kinect\audio</Filter>
    </ClInclude>
    <ClInclude Include="src\kinect\CAudioProcessor.h">
      <Filter>Header Files\kinect\audio</Filter>
    </ClInclude>
    <ClInclude Include="src\2d\CBitmap.h">
      <Filter>Header Files\2D</Filter>
    </ClInclude>
    <ClInclude Include="src\2d\CTexture.h">
      <Filter>Header Files\2D</Filter>
    </ClInclude>
    <ClInclude Include="src\2d\CTextureShader.h">
      <Filter>Header Files\2D</Filter>
    </ClInclude>
    <ClInclude Include="src\CGui.h">
      <Filter>Header Files</Filter>
    </ClInclude>
    <ClInclude Include="resource\resource.h">
      <Filter>Header Files</Filter>
    </ClInclude>
    <ClInclude Include="src\clight.h">
      <Filter>Header Files</Filter>
    </ClInclude>
    <ClInclude Include="src\crendertexture.h">
      <Filter>Header Files</Filter>
    </ClInclude>
    <ClInclude Include="src\cmesh.h">
      <Filter>Header Files</Filter>
    </ClInclude>
    <ClInclude Include="src\cskybox.h">
      <Filter>Header Files</Filter>
    </ClInclude>
    <ClInclude Include="src\cwater.h">
      <Filter>Header Files</Filter>
    </ClInclude>
    <ClInclude Include="src\kinect\ImageRenderer.h">
      <Filter>Header Files\kinect</Filter>
    </ClInclude>
    <ClInclude Include="src\kinect\avi_utils.h">
      <Filter>Header Files\avi</Filter>
    </ClInclude>
  </ItemGroup>
  <ItemGroup>
    <None Include="shaders\gizmo.ps">
      <Filter>Shaders</Filter>
    </None>
    <None Include="shaders\gizmo.vs">
      <Filter>Shaders</Filter>
    </None>
    <None Include="shaders\GUI\texture.ps">
      <Filter>Shaders\GUI</Filter>
    </None>
    <None Include="shaders\GUI\texture.vs">
      <Filter>Shaders\GUI</Filter>
    </None>
    <None Include="shaders\terrain_diffuse.ps">
      <Filter>Shaders</Filter>
    </None>
    <None Include="shaders\terrain_diffuse.vs">
      <Filter>Shaders</Filter>
    </None>
    <None Include="shaders\terrain_shadow.ps">
      <Filter>Shaders</Filter>
    </None>
    <None Include="shaders\terrain_shadow.vs">
      <Filter>Shaders</Filter>
    </None>
    <None Include="shaders\water\water.ps">
      <Filter>Shaders\Water</Filter>
    </None>
    <None Include="shaders\water\water.vs">
      <Filter>Shaders\Water</Filter>
    </None>
  </ItemGroup>
  <ItemGroup>
    <ResourceCompile Include="resource\Resource.rc">
      <Filter>Resource Files</Filter>
    </ResourceCompile>
  </ItemGroup>
  <ItemGroup>
    <Image Include="graphics\SplashScreen.bmp">
      <Filter>Resource Files</Filter>
    </Image>
  </ItemGroup>
</Project>